
Microsoft Visual Studio Solution File, Format Version 11.00
# Visual Studio 2010
Project("{8BC9CEB8-8B4A-11D0-8D11-00A0C91BC942}") = "vs2010", "vs2010.vcxproj", "{80D8F7E8-DF76-4D71-BBCF-04A4066428FE}"
	ProjectSection(ProjectDependencies) = postProject
		{C7BDE69D-4B8F-7732-A21B-055A5E3F00D9} = {C7BDE69D-4B8F-7732-A21B-055A5E3F00D9}
		{7371459E-66DE-4C91-8329-07D4431AC179} = {7371459E-66DE-4C91-8329-07D4431AC179}
	EndProjectSection
EndProject
Project("{8BC9CEB8-8B4A-11D0-8D11-00A0C91BC942}") = "gas2masm", "..\..\gas2masm\gas2masm.vcxproj", "{7371459E-66DE-4C91-8329-07D4431AC179}"
EndProject
Project("{8BC9CEB8-8B4A-11D0-8D11-00A0C91BC942}") = "glew_static", "..\glew\build\vc10\glew_static.vcxproj", "{C7BDE69D-4B8F-7732-A21B-055A5E3F00D9}"
EndProject
Global
	GlobalSection(SolutionConfigurationPlatforms) = preSolution
		Debug MX|Win32 = Debug MX|Win32
		Debug|Win32 = Debug|Win32
		Release MX|Win32 = Release MX|Win32
		Release|Win32 = Release|Win32
		Template|Win32 = Template|Win32
	EndGlobalSection
	GlobalSection(ProjectConfigurationPlatforms) = postSolution
		{80D8F7E8-DF76-4D71-BBCF-04A4066428FE}.Debug MX|Win32.ActiveCfg = Debug|Win32
		{80D8F7E8-DF76-4D71-BBCF-04A4066428FE}.Debug MX|Win32.Build.0 = Debug|Win32
		{80D8F7E8-DF76-4D71-BBCF-04A4066428FE}.Debug|Win32.ActiveCfg = Debug|Win32
		{80D8F7E8-DF76-4D71-BBCF-04A4066428FE}.Debug|Win32.Build.0 = Debug|Win32
		{80D8F7E8-DF76-4D71-BBCF-04A4066428FE}.Release MX|Win32.ActiveCfg = Release|Win32
		{80D8F7E8-DF76-4D71-BBCF-04A4066428FE}.Release MX|Win32.Build.0 = Release|Win32
		{80D8F7E8-DF76-4D71-BBCF-04A4066428FE}.Release|Win32.ActiveCfg = Release|Win32
		{80D8F7E8-DF76-4D71-BBCF-04A4066428FE}.Release|Win32.Build.0 = Release|Win32
		{80D8F7E8-DF76-4D71-BBCF-04A4066428FE}.Template|Win32.ActiveCfg = Release|Win32
		{80D8F7E8-DF76-4D71-BBCF-04A4066428FE}.Template|Win32.Build.0 = Release|Win32
		{7371459E-66DE-4C91-8329-07D4431AC179}.Debug MX|Win32.ActiveCfg = Debug|Win32
		{7371459E-66DE-4C91-8329-07D4431AC179}.Debug MX|Win32.Build.0 = Debug|Win32
		{7371459E-66DE-4C91-8329-07D4431AC179}.Debug|Win32.ActiveCfg = Debug|Win32
		{7371459E-66DE-4C91-8329-07D4431AC179}.Debug|Win32.Build.0 = Debug|Win32
		{7371459E-66DE-4C91-8329-07D4431AC179}.Release MX|Win32.ActiveCfg = Release|Win32
		{7371459E-66DE-4C91-8329-07D4431AC179}.Release MX|Win32.Build.0 = Release|Win32
		{7371459E-66DE-4C91-8329-07D4431AC179}.Release|Win32.ActiveCfg = Release|Win32
		{7371459E-66DE-4C91-8329-07D4431AC179}.Release|Win32.Build.0 = Release|Win32
		{7371459E-66DE-4C91-8329-07D4431AC179}.Template|Win32.ActiveCfg = Release|Win32
		{7371459E-66DE-4C91-8329-07D4431AC179}.Template|Win32.Build.0 = Release|Win32
		{C7BDE69D-4B8F-7732-A21B-055A5E3F00D9}.Debug MX|Win32.ActiveCfg = Debug MX|Win32
		{C7BDE69D-4B8F-7732-A21B-055A5E3F00D9}.Debug MX|Win32.Build.0 = Debug MX|Win32
		{C7BDE69D-4B8F-7732-A21B-055A5E3F00D9}.Debug|Win32.ActiveCfg = Debug|Win32
		{C7BDE69D-4B8F-7732-A21B-055A5E3F00D9}.Debug|Win32.Build.0 = Debug|Win32
		{C7BDE69D-4B8F-7732-A21B-055A5E3F00D9}.Release MX|Win32.ActiveCfg = Release MX|Win32
		{C7BDE69D-4B8F-7732-A21B-055A5E3F00D9}.Release MX|Win32.Build.0 = Release MX|Win32
		{C7BDE69D-4B8F-7732-A21B-055A5E3F00D9}.Release|Win32.ActiveCfg = Release|Win32
		{C7BDE69D-4B8F-7732-A21B-055A5E3F00D9}.Release|Win32.Build.0 = Release|Win32
		{C7BDE69D-4B8F-7732-A21B-055A5E3F00D9}.Template|Win32.ActiveCfg = Template|Win32
		{C7BDE69D-4B8F-7732-A21B-055A5E3F00D9}.Template|Win32.Build.0 = Template|Win32
	EndGlobalSection
	GlobalSection(SolutionProperties) = preSolution
		HideSolutionNode = FALSE
	EndGlobalSection
EndGlobal
